
Microsoft Visual Studio Solution File, Format Version 12.00
# Visual Studio 2015
Project("{FAE04EC0-301F-11D3-BF4B-00C04F79EFBC}") = "MCG Project.Plugins", "MCG Project.Plugins.csproj", "{D1429A76-6FBF-FE98-98A6-C38262E22691}"
EndProject
Project("{FAE04EC0-301F-11D3-BF4B-00C04F79EFBC}") = "MCG Project", "MCG Project.csproj", "{0E47CC40-7055-B3D5-E1C2-E399C845ABD0}"
EndProject
Project("{FAE04EC0-301F-11D3-BF4B-00C04F79EFBC}") = "MCG Project.Editor.Plugins", "MCG Project.Editor.Plugins.csproj", "{FCA93D6B-D3FB-FE56-7BE0-F8AD7FAAB557}"
EndProject
Project("{FAE04EC0-301F-11D3-BF4B-00C04F79EFBC}") = "MCG Project.Editor", "MCG Project.Editor.csproj", "{229630E4-9948-1BA7-FEB1-9BC851F96C71}"
EndProject
Global
	GlobalSection(SolutionConfigurationPlatforms) = preSolution
		Debug|Any CPU = Debug|Any CPU
		Release|Any CPU = Release|Any CPU
	EndGlobalSection
	GlobalSection(ProjectConfigurationPlatforms) = postSolution
		{D1429A76-6FBF-FE98-98A6-C38262E22691}.Debug|Any CPU.ActiveCfg = Debug|Any CPU
		{D1429A76-6FBF-FE98-98A6-C38262E22691}.Debug|Any CPU.Build.0 = Debug|Any CPU
		{D1429A76-6FBF-FE98-98A6-C38262E22691}.Release|Any CPU.ActiveCfg = Release|Any CPU
		{D1429A76-6FBF-FE98-98A6-C38262E22691}.Release|Any CPU.Build.0 = Release|Any CPU
		{0E47CC40-7055-B3D5-E1C2-E399C845ABD0}.Debug|Any CPU.ActiveCfg = Debug|Any CPU
		{0E47CC40-7055-B3D5-E1C2-E399C845ABD0}.Debug|Any CPU.Build.0 = Debug|Any CPU
		{0E47CC40-7055-B3D5-E1C2-E399C845ABD0}.Release|Any CPU.ActiveCfg = Release|Any CPU
		{0E47CC40-7055-B3D5-E1C2-E399C845ABD0}.Release|Any CPU.Build.0 = Release|Any CPU
		{FCA93D6B-D3FB-FE56-7BE0-F8AD7FAAB557}.Debug|Any CPU.ActiveCfg = Debug|Any CPU
		{FCA93D6B-D3FB-FE56-7BE0-F8AD7FAAB557}.Debug|Any CPU.Build.0 = Debug|Any CPU
		{FCA93D6B-D3FB-FE56-7BE0-F8AD7FAAB557}.Release|Any CPU.ActiveCfg = Release|Any CPU
		{FCA93D6B-D3FB-FE56-7BE0-F8AD7FAAB557}.Release|Any CPU.Build.0 = Release|Any CPU
		{229630E4-9948-1BA7-FEB1-9BC851F96C71}.Debug|Any CPU.ActiveCfg = Debug|Any CPU
		{229630E4-9948-1BA7-FEB1-9BC851F96C71}.Debug|Any CPU.Build.0 = Debug|Any CPU
		{229630E4-9948-1BA7-FEB1-9BC851F96C71}.Release|Any CPU.ActiveCfg = Release|Any CPU
		{229630E4-9948-1BA7-FEB1-9BC851F96C71}.Release|Any CPU.Build.0 = Release|Any CPU
	EndGlobalSection
	GlobalSection(SolutionProperties) = preSolution
		HideSolutionNode = FALSE
	EndGlobalSection
EndGlobal
