Microsoft Visual Studio Solution File, Format Version 11.00
# Visual Studio 2008

Project("{ED6ACB42-B760-2A77-1D8A-D261BE5A96F0}") = "MCG Project", "Assembly-CSharp-firstpass.csproj", "{D2FCB735-5DA1-E2BD-F44B-08F7413BEFDE}"
EndProject
Project("{ED6ACB42-B760-2A77-1D8A-D261BE5A96F0}") = "MCG Project", "Assembly-CSharp.csproj", "{C3CEFCCB-63F3-B4A7-0B5D-4F98B1ED5108}"
EndProject
Project("{ED6ACB42-B760-2A77-1D8A-D261BE5A96F0}") = "MCG Project", "Assembly-CSharp-Editor-firstpass.csproj", "{9CFFD6D7-D00C-04CC-F319-AB1CFCB9766E}"
EndProject
Project("{ED6ACB42-B760-2A77-1D8A-D261BE5A96F0}") = "MCG Project", "Assembly-CSharp-Editor.csproj", "{CDA42CCB-B9DD-68D5-73B6-7DBC880B4944}"
EndProject
Global
	GlobalSection(SolutionConfigurationPlatforms) = preSolution
		Debug|Any CPU = Debug|Any CPU
		Release|Any CPU = Release|Any CPU
	EndGlobalSection
	GlobalSection(ProjectConfigurationPlatforms) = postSolution
		{D2FCB735-5DA1-E2BD-F44B-08F7413BEFDE}.Debug|Any CPU.ActiveCfg = Debug|Any CPU
		{D2FCB735-5DA1-E2BD-F44B-08F7413BEFDE}.Debug|Any CPU.Build.0 = Debug|Any CPU
		{D2FCB735-5DA1-E2BD-F44B-08F7413BEFDE}.Release|Any CPU.ActiveCfg = Release|Any CPU
		{D2FCB735-5DA1-E2BD-F44B-08F7413BEFDE}.Release|Any CPU.Build.0 = Release|Any CPU
		{C3CEFCCB-63F3-B4A7-0B5D-4F98B1ED5108}.Debug|Any CPU.ActiveCfg = Debug|Any CPU
		{C3CEFCCB-63F3-B4A7-0B5D-4F98B1ED5108}.Debug|Any CPU.Build.0 = Debug|Any CPU
		{C3CEFCCB-63F3-B4A7-0B5D-4F98B1ED5108}.Release|Any CPU.ActiveCfg = Release|Any CPU
		{C3CEFCCB-63F3-B4A7-0B5D-4F98B1ED5108}.Release|Any CPU.Build.0 = Release|Any CPU
		{9CFFD6D7-D00C-04CC-F319-AB1CFCB9766E}.Debug|Any CPU.ActiveCfg = Debug|Any CPU
		{9CFFD6D7-D00C-04CC-F319-AB1CFCB9766E}.Debug|Any CPU.Build.0 = Debug|Any CPU
		{9CFFD6D7-D00C-04CC-F319-AB1CFCB9766E}.Release|Any CPU.ActiveCfg = Release|Any CPU
		{9CFFD6D7-D00C-04CC-F319-AB1CFCB9766E}.Release|Any CPU.Build.0 = Release|Any CPU
		{CDA42CCB-B9DD-68D5-73B6-7DBC880B4944}.Debug|Any CPU.ActiveCfg = Debug|Any CPU
		{CDA42CCB-B9DD-68D5-73B6-7DBC880B4944}.Debug|Any CPU.Build.0 = Debug|Any CPU
		{CDA42CCB-B9DD-68D5-73B6-7DBC880B4944}.Release|Any CPU.ActiveCfg = Release|Any CPU
		{CDA42CCB-B9DD-68D5-73B6-7DBC880B4944}.Release|Any CPU.Build.0 = Release|Any CPU
	EndGlobalSection
	GlobalSection(SolutionProperties) = preSolution
		HideSolutionNode = FALSE
	EndGlobalSection
	GlobalSection(MonoDevelopProperties) = preSolution
		StartupItem = Assembly-CSharp.csproj
	EndGlobalSection
EndGlobal
